
Microsoft Visual Studio Solution File, Format Version 12.00
# Visual Studio Version 17
VisualStudioVersion = 17.3.32804.467
MinimumVisualStudioVersion = 10.0.40219.1
Project("{9A19103F-16F7-4668-BE54-9A1E7A4F7556}") = "ToDoAPI", "ToDoAPI\ToDoAPI.csproj", "{3D8965F6-6F70-44EC-852B-0491348B84CF}"
EndProject
Project("{2150E333-8FDC-42A3-9474-1A3956D46DE8}") = "Solution Items", "Solution Items", "{A142C57A-D37E-4B20-A139-DB04570A3FAB}"
	ProjectSection(SolutionItems) = preProject
		README.md = README.md
	EndProjectSection
EndProject
Project("{9A19103F-16F7-4668-BE54-9A1E7A4F7556}") = "ToDo_Client", "ToDo_Client\ToDo_Client.csproj", "{FE0D06CC-C2A3-4CEC-9BBF-530EF83AACBB}"
EndProject
Global
	GlobalSection(SolutionConfigurationPlatforms) = preSolution
		Debug|Any CPU = Debug|Any CPU
		Release|Any CPU = Release|Any CPU
	EndGlobalSection
	GlobalSection(ProjectConfigurationPlatforms) = postSolution
		{3D8965F6-6F70-44EC-852B-0491348B84CF}.Debug|Any CPU.ActiveCfg = Debug|Any CPU
		{3D8965F6-6F70-44EC-852B-0491348B84CF}.Debug|Any CPU.Build.0 = Debug|Any CPU
		{3D8965F6-6F70-44EC-852B-0491348B84CF}.Release|Any CPU.ActiveCfg = Release|Any CPU
		{3D8965F6-6F70-44EC-852B-0491348B84CF}.Release|Any CPU.Build.0 = Release|Any CPU
		{FE0D06CC-C2A3-4CEC-9BBF-530EF83AACBB}.Debug|Any CPU.ActiveCfg = Debug|Any CPU
		{FE0D06CC-C2A3-4CEC-9BBF-530EF83AACBB}.Debug|Any CPU.Build.0 = Debug|Any CPU
		{FE0D06CC-C2A3-4CEC-9BBF-530EF83AACBB}.Release|Any CPU.ActiveCfg = Release|Any CPU
		{FE0D06CC-C2A3-4CEC-9BBF-530EF83AACBB}.Release|Any CPU.Build.0 = Release|Any CPU
	EndGlobalSection
	GlobalSection(SolutionProperties) = preSolution
		HideSolutionNode = FALSE
	EndGlobalSection
	GlobalSection(ExtensibilityGlobals) = postSolution
		SolutionGuid = {0369E288-B8CB-4F8F-83C4-C46F4F27AA8E}
	EndGlobalSection
EndGlobal
